
Microsoft Visual Studio Solution File, Format Version 12.00
# Visual Studio Version 17
VisualStudioVersion = 17.9.34728.123
MinimumVisualStudioVersion = 10.0.40219.1
Project("{FAE04EC0-301F-11D3-BF4B-00C04F79EFBC}") = "ExAlgoritmoP.A13.11", "ExAlgoritmoP.A13.11\ExAlgoritmoP.A13.11.csproj", "{43980545-09DC-4F19-AAB9-4B80526F21E6}"
EndProject
Global
	GlobalSection(SolutionConfigurationPlatforms) = preSolution
		Debug|Any CPU = Debug|Any CPU
		Release|Any CPU = Release|Any CPU
	EndGlobalSection
	GlobalSection(ProjectConfigurationPlatforms) = postSolution
		{43980545-09DC-4F19-AAB9-4B80526F21E6}.Debug|Any CPU.ActiveCfg = Debug|Any CPU
		{43980545-09DC-4F19-AAB9-4B80526F21E6}.Debug|Any CPU.Build.0 = Debug|Any CPU
		{43980545-09DC-4F19-AAB9-4B80526F21E6}.Release|Any CPU.ActiveCfg = Release|Any CPU
		{43980545-09DC-4F19-AAB9-4B80526F21E6}.Release|Any CPU.Build.0 = Release|Any CPU
	EndGlobalSection
	GlobalSection(SolutionProperties) = preSolution
		HideSolutionNode = FALSE
	EndGlobalSection
	GlobalSection(ExtensibilityGlobals) = postSolution
		SolutionGuid = {EF6AE21C-4CFA-4829-A22F-5F51091C9106}
	EndGlobalSection
EndGlobal
